{"1.2.0",
[{<<"iso8601">>,{pkg,<<"iso8601">>,<<"1.3.3">>},0},
 {<<"stacktrace_compat">>,{pkg,<<"stacktrace_compat">>,<<"1.0.1">>},0}]}.
[
{pkg_hash,[
 {<<"iso8601">>, <<"994AFF5DFE760F14A8C4F2D8C3CF500371BF1A8CF309C3C0CB510401064223E0">>},
 {<<"stacktrace_compat">>, <<"9769D80AE7B09E0BE405927561127D410FEC7A340E52E9286CE1F73DD1639095">>}]},
{pkg_hash_ext,[
 {<<"iso8601">>, <<"BCC7767D691E4D8A26E713F48DA51ABD951BEC4E071AE841F371766F96B46834">>},
 {<<"stacktrace_compat">>, <<"CA97789A8424C5EF78D5D0BD01820A5E5FC1F9DE6E76C82604A849B8B5953098">>}]}
].
